
Microsoft Visual Studio Solution File, Format Version 12.00
# Visual Studio Version 17
VisualStudioVersion = 17.14.36414.22 d17.14
MinimumVisualStudioVersion = 10.0.40219.1
Project("{8BC9CEB8-8B4A-11D0-8D11-00A0C91BC942}") = "Population", "Population\Population.vcxproj", "{69CBC904-3BB5-4F87-9A7F-E6D0EB30C77E}"
EndProject
Global
	GlobalSection(SolutionConfigurationPlatforms) = preSolution
		Debug|x64 = Debug|x64
		Debug|x86 = Debug|x86
		Release|x64 = Release|x64
		Release|x86 = Release|x86
	EndGlobalSection
	GlobalSection(ProjectConfigurationPlatforms) = postSolution
		{69CBC904-3BB5-4F87-9A7F-E6D0EB30C77E}.Debug|x64.ActiveCfg = Debug|x64
		{69CBC904-3BB5-4F87-9A7F-E6D0EB30C77E}.Debug|x64.Build.0 = Debug|x64
		{69CBC904-3BB5-4F87-9A7F-E6D0EB30C77E}.Debug|x86.ActiveCfg = Debug|Win32
		{69CBC904-3BB5-4F87-9A7F-E6D0EB30C77E}.Debug|x86.Build.0 = Debug|Win32
		{69CBC904-3BB5-4F87-9A7F-E6D0EB30C77E}.Release|x64.ActiveCfg = Release|x64
		{69CBC904-3BB5-4F87-9A7F-E6D0EB30C77E}.Release|x64.Build.0 = Release|x64
		{69CBC904-3BB5-4F87-9A7F-E6D0EB30C77E}.Release|x86.ActiveCfg = Release|Win32
		{69CBC904-3BB5-4F87-9A7F-E6D0EB30C77E}.Release|x86.Build.0 = Release|Win32
	EndGlobalSection
	GlobalSection(SolutionProperties) = preSolution
		HideSolutionNode = FALSE
	EndGlobalSection
	GlobalSection(ExtensibilityGlobals) = postSolution
		SolutionGuid = {2591CB4A-BF83-4307-87EF-A78D03D74093}
	EndGlobalSection
EndGlobal
